
Microsoft Visual Studio Solution File, Format Version 12.00
# Visual Studio Version 17
VisualStudioVersion = 17.9.34622.214
MinimumVisualStudioVersion = 10.0.40219.1
Project("{FAE04EC0-301F-11D3-BF4B-00C04F79EFBC}") = "BlazorStargazerModal", "BlazorStargazerModal\BlazorStargazerModal.csproj", "{7F9BF369-6505-43B1-BDA5-3DAC82F53E88}"
EndProject
Project("{FAE04EC0-301F-11D3-BF4B-00C04F79EFBC}") = "Demo", "Demo\Demo.csproj", "{C9B29699-1BE2-444B-98DF-7351EDEF7FC7}"
EndProject
Global
	GlobalSection(SolutionConfigurationPlatforms) = preSolution
		Debug|Any CPU = Debug|Any CPU
		Release|Any CPU = Release|Any CPU
	EndGlobalSection
	GlobalSection(ProjectConfigurationPlatforms) = postSolution
		{7F9BF369-6505-43B1-BDA5-3DAC82F53E88}.Debug|Any CPU.ActiveCfg = Debug|Any CPU
		{7F9BF369-6505-43B1-BDA5-3DAC82F53E88}.Debug|Any CPU.Build.0 = Debug|Any CPU
		{7F9BF369-6505-43B1-BDA5-3DAC82F53E88}.Release|Any CPU.ActiveCfg = Release|Any CPU
		{7F9BF369-6505-43B1-BDA5-3DAC82F53E88}.Release|Any CPU.Build.0 = Release|Any CPU
		{C9B29699-1BE2-444B-98DF-7351EDEF7FC7}.Debug|Any CPU.ActiveCfg = Debug|Any CPU
		{C9B29699-1BE2-444B-98DF-7351EDEF7FC7}.Debug|Any CPU.Build.0 = Debug|Any CPU
		{C9B29699-1BE2-444B-98DF-7351EDEF7FC7}.Release|Any CPU.ActiveCfg = Release|Any CPU
		{C9B29699-1BE2-444B-98DF-7351EDEF7FC7}.Release|Any CPU.Build.0 = Release|Any CPU
	EndGlobalSection
	GlobalSection(SolutionProperties) = preSolution
		HideSolutionNode = FALSE
	EndGlobalSection
	GlobalSection(ExtensibilityGlobals) = postSolution
		SolutionGuid = {A8FD2289-3D3F-4614-B583-662A74D4320C}
	EndGlobalSection
EndGlobal
